{
  "version": 4,
  "terraform_version": "1.2.5",
  "serial": 60,
  "lineage": "a63fc80f-eae7-3611-b7d0-1f781b0caaca",
  "outputs": {},
  "resources": [
    {
      "mode": "managed",
      "type": "datadog_synthetics_test",
      "name": "api_tester",
      "provider": "provider[\"registry.terraform.io/datadog/datadog\"]",
      "instances": [
        {
          "index_key": "/_status",
          "schema_version": 0,
          "attributes": {
            "api_step": [],
            "assertion": [
              {
                "operator": "is",
                "property": "",
                "target": "200",
                "targetjsonpath": [],
                "type": "statusCode"
              },
              {
                "operator": "lessThan",
                "property": "",
                "target": "2000",
                "targetjsonpath": [],
                "type": "responseTime"
              }
            ],
            "browser_step": [],
            "browser_variable": [],
            "config_variable": [],
            "device_ids": [],
            "id": "qv6-dt8-c33",
            "locations": [
              "aws:us-east-1"
            ],
            "message": "@slack-gpe-alarms The commons health check failed for: Aidan's Dev Commons",
            "monitor_id": 78380158,
            "name": "Commons health check for: Aidan's Dev Commons",
            "options_list": [
              {
                "accept_self_signed": false,
                "allow_insecure": false,
                "check_certificate_revocation": false,
                "ci": [],
                "follow_redirects": false,
                "min_failure_duration": 0,
                "min_location_failed": 1,
                "monitor_name": "",
                "monitor_options": [],
                "monitor_priority": 0,
                "no_screenshot": false,
                "restricted_roles": [],
                "retry": [],
                "rum_settings": [],
                "tick_every": 60
              }
            ],
            "request_basicauth": [],
            "request_client_certificate": [],
            "request_definition": [
              {
                "body": "",
                "dns_server": "",
                "dns_server_port": 0,
                "host": "",
                "message": "",
                "method": "GET",
                "no_saving_response_body": false,
                "number_of_packets": 0,
                "port": 0,
                "servername": "",
                "should_track_hops": false,
                "timeout": 0,
                "url": "https://aidan.planx-pla.net/_status"
              }
            ],
            "request_headers": {},
            "request_proxy": [],
            "request_query": {},
            "set_cookie": null,
            "status": "live",
            "subtype": "http",
            "tags": [],
            "type": "api"
          },
          "sensitive_attributes": [],
          "private": "bnVsbA=="
        },
        {
          "index_key": "/api/_status",
          "schema_version": 0,
          "attributes": {
            "api_step": [],
            "assertion": [
              {
                "operator": "is",
                "property": "",
                "target": "200",
                "targetjsonpath": [],
                "type": "statusCode"
              },
              {
                "operator": "lessThan",
                "property": "",
                "target": "2000",
                "targetjsonpath": [],
                "type": "responseTime"
              }
            ],
            "browser_step": [],
            "browser_variable": [],
            "config_variable": [],
            "device_ids": [],
            "id": "k33-rnv-fmx",
            "locations": [
              "aws:us-east-1"
            ],
            "message": "Aidan's Dev Commons",
            "monitor_id": 78380173,
            "name": "Aidan's Dev Commons",
            "options_list": [
              {
                "accept_self_signed": false,
                "allow_insecure": false,
                "check_certificate_revocation": false,
                "ci": [],
                "follow_redirects": false,
                "min_failure_duration": 0,
                "min_location_failed": 1,
                "monitor_name": "",
                "monitor_options": [],
                "monitor_priority": 0,
                "no_screenshot": false,
                "restricted_roles": [],
                "retry": [],
                "rum_settings": [],
                "tick_every": 60
              }
            ],
            "request_basicauth": [],
            "request_client_certificate": [],
            "request_definition": [
              {
                "body": "",
                "dns_server": "",
                "dns_server_port": 0,
                "host": "",
                "message": "",
                "method": "GET",
                "no_saving_response_body": false,
                "number_of_packets": 0,
                "port": 0,
                "servername": "",
                "should_track_hops": false,
                "timeout": 0,
                "url": "https://aidan.planx-pla.net/api/_status"
              }
            ],
            "request_headers": {},
            "request_proxy": [],
            "request_query": {},
            "set_cookie": null,
            "status": "live",
            "subtype": "http",
            "tags": [],
            "type": "api"
          },
          "sensitive_attributes": [],
          "private": "bnVsbA=="
        },
        {
          "index_key": "/api/v0/submission/_dictionary/_all",
          "schema_version": 0,
          "attributes": {
            "api_step": [],
            "assertion": [
              {
                "operator": "is",
                "property": "",
                "target": "200",
                "targetjsonpath": [],
                "type": "statusCode"
              },
              {
                "operator": "lessThan",
                "property": "",
                "target": "2000",
                "targetjsonpath": [],
                "type": "responseTime"
              }
            ],
            "browser_step": [],
            "browser_variable": [],
            "config_variable": [],
            "device_ids": [],
            "id": "i2i-47n-7ae",
            "locations": [
              "aws:us-east-1"
            ],
            "message": "Aidan's Dev Commons",
            "monitor_id": 78380154,
            "name": "Aidan's Dev Commons",
            "options_list": [
              {
                "accept_self_signed": false,
                "allow_insecure": false,
                "check_certificate_revocation": false,
                "ci": [],
                "follow_redirects": false,
                "min_failure_duration": 0,
                "min_location_failed": 1,
                "monitor_name": "",
                "monitor_options": [],
                "monitor_priority": 0,
                "no_screenshot": false,
                "restricted_roles": [],
                "retry": [],
                "rum_settings": [],
                "tick_every": 60
              }
            ],
            "request_basicauth": [],
            "request_client_certificate": [],
            "request_definition": [
              {
                "body": "",
                "dns_server": "",
                "dns_server_port": 0,
                "host": "",
                "message": "",
                "method": "GET",
                "no_saving_response_body": false,
                "number_of_packets": 0,
                "port": 0,
                "servername": "",
                "should_track_hops": false,
                "timeout": 0,
                "url": "https://aidan.planx-pla.net/api/v0/submission/_dictionary/_all"
              }
            ],
            "request_headers": {},
            "request_proxy": [],
            "request_query": {},
            "set_cookie": null,
            "status": "live",
            "subtype": "http",
            "tags": [],
            "type": "api"
          },
          "sensitive_attributes": [],
          "private": "bnVsbA=="
        },
        {
          "index_key": "/audit/_status",
          "schema_version": 0,
          "attributes": {
            "api_step": [],
            "assertion": [
              {
                "operator": "is",
                "property": "",
                "target": "200",
                "targetjsonpath": [],
                "type": "statusCode"
              },
              {
                "operator": "lessThan",
                "property": "",
                "target": "2000",
                "targetjsonpath": [],
                "type": "responseTime"
              }
            ],
            "browser_step": [],
            "browser_variable": [],
            "config_variable": [],
            "device_ids": [],
            "id": "4gp-7bv-vb7",
            "locations": [
              "aws:us-east-1"
            ],
            "message": "Aidan's Dev Commons",
            "monitor_id": 78380172,
            "name": "Aidan's Dev Commons",
            "options_list": [
              {
                "accept_self_signed": false,
                "allow_insecure": false,
                "check_certificate_revocation": false,
                "ci": [],
                "follow_redirects": false,
                "min_failure_duration": 0,
                "min_location_failed": 1,
                "monitor_name": "",
                "monitor_options": [],
                "monitor_priority": 0,
                "no_screenshot": false,
                "restricted_roles": [],
                "retry": [],
                "rum_settings": [],
                "tick_every": 60
              }
            ],
            "request_basicauth": [],
            "request_client_certificate": [],
            "request_definition": [
              {
                "body": "",
                "dns_server": "",
                "dns_server_port": 0,
                "host": "",
                "message": "",
                "method": "GET",
                "no_saving_response_body": false,
                "number_of_packets": 0,
                "port": 0,
                "servername": "",
                "should_track_hops": false,
                "timeout": 0,
                "url": "https://aidan.planx-pla.net/audit/_status"
              }
            ],
            "request_headers": {},
            "request_proxy": [],
            "request_query": {},
            "set_cookie": null,
            "status": "live",
            "subtype": "http",
            "tags": [],
            "type": "api"
          },
          "sensitive_attributes": [],
          "private": "bnVsbA=="
        },
        {
          "index_key": "/index/index",
          "schema_version": 0,
          "attributes": {
            "api_step": [],
            "assertion": [
              {
                "operator": "is",
                "property": "",
                "target": "200",
                "targetjsonpath": [],
                "type": "statusCode"
              },
              {
                "operator": "lessThan",
                "property": "",
                "target": "2000",
                "targetjsonpath": [],
                "type": "responseTime"
              }
            ],
            "browser_step": [],
            "browser_variable": [],
            "config_variable": [],
            "device_ids": [],
            "id": "rua-746-gvg",
            "locations": [
              "aws:us-east-1"
            ],
            "message": "Aidan's Dev Commons",
            "monitor_id": 78380155,
            "name": "Aidan's Dev Commons",
            "options_list": [
              {
                "accept_self_signed": false,
                "allow_insecure": false,
                "check_certificate_revocation": false,
                "ci": [],
                "follow_redirects": false,
                "min_failure_duration": 0,
                "min_location_failed": 1,
                "monitor_name": "",
                "monitor_options": [],
                "monitor_priority": 0,
                "no_screenshot": false,
                "restricted_roles": [],
                "retry": [],
                "rum_settings": [],
                "tick_every": 60
              }
            ],
            "request_basicauth": [],
            "request_client_certificate": [],
            "request_definition": [
              {
                "body": "",
                "dns_server": "",
                "dns_server_port": 0,
                "host": "",
                "message": "",
                "method": "GET",
                "no_saving_response_body": false,
                "number_of_packets": 0,
                "port": 0,
                "servername": "",
                "should_track_hops": false,
                "timeout": 0,
                "url": "https://aidan.planx-pla.net/index/index"
              }
            ],
            "request_headers": {},
            "request_proxy": [],
            "request_query": {},
            "set_cookie": null,
            "status": "live",
            "subtype": "http",
            "tags": [],
            "type": "api"
          },
          "sensitive_attributes": [],
          "private": "bnVsbA=="
        },
        {
          "index_key": "/mds/aggregate/metadata?data=True\u0026limit=1000\u0026offset=0",
          "schema_version": 0,
          "attributes": {
            "api_step": [],
            "assertion": [
              {
                "operator": "is",
                "property": "",
                "target": "200",
                "targetjsonpath": [],
                "type": "statusCode"
              },
              {
                "operator": "lessThan",
                "property": "",
                "target": "2000",
                "targetjsonpath": [],
                "type": "responseTime"
              }
            ],
            "browser_step": [],
            "browser_variable": [],
            "config_variable": [],
            "device_ids": [],
            "id": "duy-55k-ent",
            "locations": [
              "aws:us-east-1"
            ],
            "message": "Aidan's Dev Commons",
            "monitor_id": 78380156,
            "name": "Aidan's Dev Commons",
            "options_list": [
              {
                "accept_self_signed": false,
                "allow_insecure": false,
                "check_certificate_revocation": false,
                "ci": [],
                "follow_redirects": false,
                "min_failure_duration": 0,
                "min_location_failed": 1,
                "monitor_name": "",
                "monitor_options": [],
                "monitor_priority": 0,
                "no_screenshot": false,
                "restricted_roles": [],
                "retry": [],
                "rum_settings": [],
                "tick_every": 60
              }
            ],
            "request_basicauth": [],
            "request_client_certificate": [],
            "request_definition": [
              {
                "body": "",
                "dns_server": "",
                "dns_server_port": 0,
                "host": "",
                "message": "",
                "method": "GET",
                "no_saving_response_body": false,
                "number_of_packets": 0,
                "port": 0,
                "servername": "",
                "should_track_hops": false,
                "timeout": 0,
                "url": "https://aidan.planx-pla.net/mds/aggregate/metadata?data=True\u0026limit=1000\u0026offset=0"
              }
            ],
            "request_headers": {},
            "request_proxy": [],
            "request_query": {},
            "set_cookie": null,
            "status": "live",
            "subtype": "http",
            "tags": [],
            "type": "api"
          },
          "sensitive_attributes": [],
          "private": "bnVsbA=="
        },
        {
          "index_key": "/mds/metadata?data=True\u0026_guid_type=unregistered_discovery_metadata\u0026limit=1000\u0026offset=0",
          "schema_version": 0,
          "attributes": {
            "api_step": [],
            "assertion": [
              {
                "operator": "is",
                "property": "",
                "target": "200",
                "targetjsonpath": [],
                "type": "statusCode"
              },
              {
                "operator": "lessThan",
                "property": "",
                "target": "2000",
                "targetjsonpath": [],
                "type": "responseTime"
              }
            ],
            "browser_step": [],
            "browser_variable": [],
            "config_variable": [],
            "device_ids": [],
            "id": "bra-vy3-qjs",
            "locations": [
              "aws:us-east-1"
            ],
            "message": "Aidan's Dev Commons",
            "monitor_id": 78380161,
            "name": "Aidan's Dev Commons",
            "options_list": [
              {
                "accept_self_signed": false,
                "allow_insecure": false,
                "check_certificate_revocation": false,
                "ci": [],
                "follow_redirects": false,
                "min_failure_duration": 0,
                "min_location_failed": 1,
                "monitor_name": "",
                "monitor_options": [],
                "monitor_priority": 0,
                "no_screenshot": false,
                "restricted_roles": [],
                "retry": [],
                "rum_settings": [],
                "tick_every": 60
              }
            ],
            "request_basicauth": [],
            "request_client_certificate": [],
            "request_definition": [
              {
                "body": "",
                "dns_server": "",
                "dns_server_port": 0,
                "host": "",
                "message": "",
                "method": "GET",
                "no_saving_response_body": false,
                "number_of_packets": 0,
                "port": 0,
                "servername": "",
                "should_track_hops": false,
                "timeout": 0,
                "url": "https://aidan.planx-pla.net/mds/metadata?data=True\u0026_guid_type=unregistered_discovery_metadata\u0026limit=1000\u0026offset=0"
              }
            ],
            "request_headers": {},
            "request_proxy": [],
            "request_query": {},
            "set_cookie": null,
            "status": "live",
            "subtype": "http",
            "tags": [],
            "type": "api"
          },
          "sensitive_attributes": [],
          "private": "bnVsbA=="
        },
        {
          "index_key": "/peregrine/_status",
          "schema_version": 0,
          "attributes": {
            "api_step": [],
            "assertion": [
              {
                "operator": "is",
                "property": "",
                "target": "200",
                "targetjsonpath": [],
                "type": "statusCode"
              },
              {
                "operator": "lessThan",
                "property": "",
                "target": "2000",
                "targetjsonpath": [],
                "type": "responseTime"
              }
            ],
            "browser_step": [],
            "browser_variable": [],
            "config_variable": [],
            "device_ids": [],
            "id": "79z-9bd-pu7",
            "locations": [
              "aws:us-east-1"
            ],
            "message": "Aidan's Dev Commons",
            "monitor_id": 78380157,
            "name": "Aidan's Dev Commons",
            "options_list": [
              {
                "accept_self_signed": false,
                "allow_insecure": false,
                "check_certificate_revocation": false,
                "ci": [],
                "follow_redirects": false,
                "min_failure_duration": 0,
                "min_location_failed": 1,
                "monitor_name": "",
                "monitor_options": [],
                "monitor_priority": 0,
                "no_screenshot": false,
                "restricted_roles": [],
                "retry": [],
                "rum_settings": [],
                "tick_every": 60
              }
            ],
            "request_basicauth": [],
            "request_client_certificate": [],
            "request_definition": [
              {
                "body": "",
                "dns_server": "",
                "dns_server_port": 0,
                "host": "",
                "message": "",
                "method": "GET",
                "no_saving_response_body": false,
                "number_of_packets": 0,
                "port": 0,
                "servername": "",
                "should_track_hops": false,
                "timeout": 0,
                "url": "https://aidan.planx-pla.net/peregrine/_status"
              }
            ],
            "request_headers": {},
            "request_proxy": [],
            "request_query": {},
            "set_cookie": null,
            "status": "live",
            "subtype": "http",
            "tags": [],
            "type": "api"
          },
          "sensitive_attributes": [],
          "private": "bnVsbA=="
        },
        {
          "index_key": "/portal/discovery",
          "schema_version": 0,
          "attributes": {
            "api_step": [],
            "assertion": [
              {
                "operator": "is",
                "property": "",
                "target": "200",
                "targetjsonpath": [],
                "type": "statusCode"
              },
              {
                "operator": "lessThan",
                "property": "",
                "target": "2000",
                "targetjsonpath": [],
                "type": "responseTime"
              }
            ],
            "browser_step": [],
            "browser_variable": [],
            "config_variable": [],
            "device_ids": [],
            "id": "ekp-j8h-aj9",
            "locations": [
              "aws:us-east-1"
            ],
            "message": "Aidan's Dev Commons",
            "monitor_id": 78380169,
            "name": "Aidan's Dev Commons",
            "options_list": [
              {
                "accept_self_signed": false,
                "allow_insecure": false,
                "check_certificate_revocation": false,
                "ci": [],
                "follow_redirects": false,
                "min_failure_duration": 0,
                "min_location_failed": 1,
                "monitor_name": "",
                "monitor_options": [],
                "monitor_priority": 0,
                "no_screenshot": false,
                "restricted_roles": [],
                "retry": [],
                "rum_settings": [],
                "tick_every": 60
              }
            ],
            "request_basicauth": [],
            "request_client_certificate": [],
            "request_definition": [
              {
                "body": "",
                "dns_server": "",
                "dns_server_port": 0,
                "host": "",
                "message": "",
                "method": "GET",
                "no_saving_response_body": false,
                "number_of_packets": 0,
                "port": 0,
                "servername": "",
                "should_track_hops": false,
                "timeout": 0,
                "url": "https://aidan.planx-pla.net/portal/discovery"
              }
            ],
            "request_headers": {},
            "request_proxy": [],
            "request_query": {},
            "set_cookie": null,
            "status": "live",
            "subtype": "http",
            "tags": [],
            "type": "api"
          },
          "sensitive_attributes": [],
          "private": "bnVsbA=="
        },
        {
          "index_key": "/requestor/_status",
          "schema_version": 0,
          "attributes": {
            "api_step": [],
            "assertion": [
              {
                "operator": "is",
                "property": "",
                "target": "200",
                "targetjsonpath": [],
                "type": "statusCode"
              },
              {
                "operator": "lessThan",
                "property": "",
                "target": "2000",
                "targetjsonpath": [],
                "type": "responseTime"
              }
            ],
            "browser_step": [],
            "browser_variable": [],
            "config_variable": [],
            "device_ids": [],
            "id": "jnr-hbc-pvz",
            "locations": [
              "aws:us-east-1"
            ],
            "message": "Aidan's Dev Commons",
            "monitor_id": 78380162,
            "name": "Aidan's Dev Commons",
            "options_list": [
              {
                "accept_self_signed": false,
                "allow_insecure": false,
                "check_certificate_revocation": false,
                "ci": [],
                "follow_redirects": false,
                "min_failure_duration": 0,
                "min_location_failed": 1,
                "monitor_name": "",
                "monitor_options": [],
                "monitor_priority": 0,
                "no_screenshot": false,
                "restricted_roles": [],
                "retry": [],
                "rum_settings": [],
                "tick_every": 60
              }
            ],
            "request_basicauth": [],
            "request_client_certificate": [],
            "request_definition": [
              {
                "body": "",
                "dns_server": "",
                "dns_server_port": 0,
                "host": "",
                "message": "",
                "method": "GET",
                "no_saving_response_body": false,
                "number_of_packets": 0,
                "port": 0,
                "servername": "",
                "should_track_hops": false,
                "timeout": 0,
                "url": "https://aidan.planx-pla.net/requestor/_status"
              }
            ],
            "request_headers": {},
            "request_proxy": [],
            "request_query": {},
            "set_cookie": null,
            "status": "live",
            "subtype": "http",
            "tags": [],
            "type": "api"
          },
          "sensitive_attributes": [],
          "private": "bnVsbA=="
        },
        {
          "index_key": "/user/_status",
          "schema_version": 0,
          "attributes": {
            "api_step": [],
            "assertion": [
              {
                "operator": "is",
                "property": "",
                "target": "200",
                "targetjsonpath": [],
                "type": "statusCode"
              },
              {
                "operator": "lessThan",
                "property": "",
                "target": "2000",
                "targetjsonpath": [],
                "type": "responseTime"
              }
            ],
            "browser_step": [],
            "browser_variable": [],
            "config_variable": [],
            "device_ids": [],
            "id": "gfa-smp-ybk",
            "locations": [
              "aws:us-east-1"
            ],
            "message": "Aidan's Dev Commons",
            "monitor_id": 78380171,
            "name": "Aidan's Dev Commons",
            "options_list": [
              {
                "accept_self_signed": false,
                "allow_insecure": false,
                "check_certificate_revocation": false,
                "ci": [],
                "follow_redirects": false,
                "min_failure_duration": 0,
                "min_location_failed": 1,
                "monitor_name": "",
                "monitor_options": [],
                "monitor_priority": 0,
                "no_screenshot": false,
                "restricted_roles": [],
                "retry": [],
                "rum_settings": [],
                "tick_every": 60
              }
            ],
            "request_basicauth": [],
            "request_client_certificate": [],
            "request_definition": [
              {
                "body": "",
                "dns_server": "",
                "dns_server_port": 0,
                "host": "",
                "message": "",
                "method": "GET",
                "no_saving_response_body": false,
                "number_of_packets": 0,
                "port": 0,
                "servername": "",
                "should_track_hops": false,
                "timeout": 0,
                "url": "https://aidan.planx-pla.net/user/_status"
              }
            ],
            "request_headers": {},
            "request_proxy": [],
            "request_query": {},
            "set_cookie": null,
            "status": "live",
            "subtype": "http",
            "tags": [],
            "type": "api"
          },
          "sensitive_attributes": [],
          "private": "bnVsbA=="
        },
        {
          "index_key": "/user/login",
          "schema_version": 0,
          "attributes": {
            "api_step": [],
            "assertion": [
              {
                "operator": "is",
                "property": "",
                "target": "200",
                "targetjsonpath": [],
                "type": "statusCode"
              },
              {
                "operator": "lessThan",
                "property": "",
                "target": "2000",
                "targetjsonpath": [],
                "type": "responseTime"
              }
            ],
            "browser_step": [],
            "browser_variable": [],
            "config_variable": [],
            "device_ids": [],
            "id": "bhk-fzx-hbs",
            "locations": [
              "aws:us-east-1"
            ],
            "message": "Aidan's Dev Commons",
            "monitor_id": 78380159,
            "name": "Aidan's Dev Commons",
            "options_list": [
              {
                "accept_self_signed": false,
                "allow_insecure": false,
                "check_certificate_revocation": false,
                "ci": [],
                "follow_redirects": false,
                "min_failure_duration": 0,
                "min_location_failed": 1,
                "monitor_name": "",
                "monitor_options": [],
                "monitor_priority": 0,
                "no_screenshot": false,
                "restricted_roles": [],
                "retry": [],
                "rum_settings": [],
                "tick_every": 60
              }
            ],
            "request_basicauth": [],
            "request_client_certificate": [],
            "request_definition": [
              {
                "body": "",
                "dns_server": "",
                "dns_server_port": 0,
                "host": "",
                "message": "",
                "method": "GET",
                "no_saving_response_body": false,
                "number_of_packets": 0,
                "port": 0,
                "servername": "",
                "should_track_hops": false,
                "timeout": 0,
                "url": "https://aidan.planx-pla.net/user/login"
              }
            ],
            "request_headers": {},
            "request_proxy": [],
            "request_query": {},
            "set_cookie": null,
            "status": "live",
            "subtype": "http",
            "tags": [],
            "type": "api"
          },
          "sensitive_attributes": [],
          "private": "bnVsbA=="
        },
        {
          "index_key": "/wts/_status",
          "schema_version": 0,
          "attributes": {
            "api_step": [],
            "assertion": [
              {
                "operator": "is",
                "property": "",
                "target": "200",
                "targetjsonpath": [],
                "type": "statusCode"
              },
              {
                "operator": "lessThan",
                "property": "",
                "target": "2000",
                "targetjsonpath": [],
                "type": "responseTime"
              }
            ],
            "browser_step": [],
            "browser_variable": [],
            "config_variable": [],
            "device_ids": [],
            "id": "pjj-4w6-z2y",
            "locations": [
              "aws:us-east-1"
            ],
            "message": "Aidan's Dev Commons",
            "monitor_id": 78380163,
            "name": "Aidan's Dev Commons",
            "options_list": [
              {
                "accept_self_signed": false,
                "allow_insecure": false,
                "check_certificate_revocation": false,
                "ci": [],
                "follow_redirects": false,
                "min_failure_duration": 0,
                "min_location_failed": 1,
                "monitor_name": "",
                "monitor_options": [],
                "monitor_priority": 0,
                "no_screenshot": false,
                "restricted_roles": [],
                "retry": [],
                "rum_settings": [],
                "tick_every": 60
              }
            ],
            "request_basicauth": [],
            "request_client_certificate": [],
            "request_definition": [
              {
                "body": "",
                "dns_server": "",
                "dns_server_port": 0,
                "host": "",
                "message": "",
                "method": "GET",
                "no_saving_response_body": false,
                "number_of_packets": 0,
                "port": 0,
                "servername": "",
                "should_track_hops": false,
                "timeout": 0,
                "url": "https://aidan.planx-pla.net/wts/_status"
              }
            ],
            "request_headers": {},
            "request_proxy": [],
            "request_query": {},
            "set_cookie": null,
            "status": "live",
            "subtype": "http",
            "tags": [],
            "type": "api"
          },
          "sensitive_attributes": [],
          "private": "bnVsbA=="
        }
      ]
    }
  ]
}
